{
    "_meta": {
        "hash": {
            "sha256": "54c816e56e5e9daa3a3cf43ec59c8b67a31200fc56d46344801f16409b68cba2"
        },
        "pipfile-spec": 6,
        "requires": {
            "python_version": "3.11"
        },
        "sources": [
            {
                "name": "pypi",
                "url": "https://pypi.org/simple",
                "verify_ssl": true
            }
        ]
    },
    "default": {
        "anyio": {
            "hashes": [
                "sha256:25ea0d673ae30af41a0c442f81cf3b38c7e79fdc7b60335a4c14e05eb0947421",
                "sha256:fbbe32bd270d2a2ef3ed1c5d45041250284e31fc0a4df4a5a6071842051a51e3"
            ],
            "markers": "python_full_version >= '3.6.2'",
            "version": "==3.6.2"
        },
        "click": {
            "hashes": [
                "sha256:7682dc8afb30297001674575ea00d1814d808d6a36af415a82bd481d37ba7b8e",
                "sha256:bb4d8133cb15a609f44e8213d9b391b0809795062913b383c62be0ee95b1db48"
            ],
            "markers": "python_version >= '3.7'",
            "version": "==8.1.3"
        },
        "colorama": {
            "hashes": [
                "sha256:08695f5cb7ed6e0531a20572697297273c47b8cae5a63ffc6d6ed5c201be6e44",
                "sha256:4f1d9991f5acc0ca119f9d443620b77f9d6b33703e51011c16baf57afb285fc6"
            ],
            "markers": "platform_system == 'Windows'",
            "version": "==0.4.6"
        },
        "fastapi": {
            "hashes": [
                "sha256:023a0f5bd2c8b2609014d3bba1e14a1d7df96c6abea0a73070621c9862b9a4de",
                "sha256:ae7b97c778e2f2ec3fb3cb4fb14162129411d99907fb71920f6d69a524340ebf"
            ],
            "index": "pypi",
            "version": "==0.92.0"
        },
        "greenlet": {
            "hashes": [
                "sha256:03a8f4f3430c3b3ff8d10a2a86028c660355ab637cee9333d63d66b56f09d52a",
                "sha256:0bf60faf0bc2468089bdc5edd10555bab6e85152191df713e2ab1fcc86382b5a",
                "sha256:18a7f18b82b52ee85322d7a7874e676f34ab319b9f8cce5de06067384aa8ff43",
                "sha256:18e98fb3de7dba1c0a852731c3070cf022d14f0d68b4c87a19cc1016f3bb8b33",
                "sha256:1a819eef4b0e0b96bb0d98d797bef17dc1b4a10e8d7446be32d1da33e095dbb8",
                "sha256:26fbfce90728d82bc9e6c38ea4d038cba20b7faf8a0ca53a9c07b67318d46088",
                "sha256:2780572ec463d44c1d3ae850239508dbeb9fed38e294c68d19a24d925d9223ca",
                "sha256:283737e0da3f08bd637b5ad058507e578dd462db259f7f6e4c5c365ba4ee9343",
                "sha256:2d4686f195e32d36b4d7cf2d166857dbd0ee9f3d20ae349b6bf8afc8485b3645",
                "sha256:2dd11f291565a81d71dab10b7033395b7a3a5456e637cf997a6f33ebdf06f8db",
                "sha256:30bcf80dda7f15ac77ba5af2b961bdd9dbc77fd4ac6105cee85b0d0a5fcf74df",
                "sha256:32e5b64b148966d9cccc2c8d35a671409e45f195864560829f395a54226408d3",
                "sha256:36abbf031e1c0f79dd5d596bfaf8e921c41df2bdf54ee1eed921ce1f52999a86",
                "sha256:3a06ad5312349fec0ab944664b01d26f8d1f05009566339ac6f63f56589bc1a2",
                "sha256:3a51c9751078733d88e013587b108f1b7a1fb106d402fb390740f002b6f6551a",
                "sha256:3c9b12575734155d0c09d6c3e10dbd81665d5c18e1a7c6597df72fd05990c8cf",
                "sha256:3f6ea9bd35eb450837a3d80e77b517ea5bc56b4647f5502cd28de13675ee12f7",
                "sha256:4b58adb399c4d61d912c4c331984d60eb66565175cdf4a34792cd9600f21b394",
                "sha256:4d2e11331fc0c02b6e84b0d28ece3a36e0548ee1a1ce9ddde03752d9b79bba40",
                "sha256:5454276c07d27a740c5892f4907c86327b632127dd9abec42ee62e12427ff7e3",
                "sha256:561091a7be172ab497a3527602d467e2b3fbe75f9e783d8b8ce403fa414f71a6",
                "sha256:6c3acb79b0bfd4fe733dff8bc62695283b57949ebcca05ae5c129eb606ff2d74",
                "sha256:703f18f3fda276b9a916f0934d2fb6d989bf0b4fb5a64825260eb9bfd52d78f0",
                "sha256:7492e2b7bd7c9b9916388d9df23fa49d9b88ac0640db0a5b4ecc2b653bf451e3",
                "sha256:76ae285c8104046b3a7f06b42f29c7b73f77683df18c49ab5af7983994c2dd91",
                "sha256:7cafd1208fdbe93b67c7086876f061f660cfddc44f404279c1585bbf3cdc64c5",
                "sha256:7efde645ca1cc441d6dc4b48c0f7101e8d86b54c8530141b09fd31cef5149ec9",
                "sha256:88d9ab96491d38a5ab7c56dd7a3cc37d83336ecc564e4e8816dbed12e5aaefc8",
                "sha256:8eab883b3b2a38cc1e050819ef06a7e6344d4a990d24d45bc6f2cf959045a45b",
                "sha256:910841381caba4f744a44bf81bfd573c94e10b3045ee00de0cbf436fe50673a6",
                "sha256:9190f09060ea4debddd24665d6804b995a9c122ef5917ab26e1566dcc712ceeb",
                "sha256:937e9020b514ceedb9c830c55d5c9872abc90f4b5862f89c0887033ae33c6f73",
                "sha256:94c817e84245513926588caf1152e3b559ff794d505555211ca041f032abbb6b",
                "sha256:971ce5e14dc5e73715755d0ca2975ac88cfdaefcaab078a284fea6cfabf866df",
                "sha256:9d14b83fab60d5e8abe587d51c75b252bcc21683f24699ada8fb275d7712f5a9",
                "sha256:9f35ec95538f50292f6d8f2c9c9f8a3c6540bbfec21c9e5b4b751e0a7c20864f",
                "sha256:a1846f1b999e78e13837c93c778dcfc3365902cfb8d1bdb7dd73ead37059f0d0",
                "sha256:acd2162a36d3de67ee896c43effcd5ee3de247eb00354db411feb025aa319857",
                "sha256:b0ef99cdbe2b682b9ccbb964743a6aca37905fda5e0452e5ee239b1654d37f2a",
                "sha256:b80f600eddddce72320dbbc8e3784d16bd3fb7b517e82476d8da921f27d4b249",
                "sha256:b864ba53912b6c3ab6bcb2beb19f19edd01a6bfcbdfe1f37ddd1778abfe75a30",
                "sha256:b9ec052b06a0524f0e35bd8790686a1da006bd911dd1ef7d50b77bfbad74e292",
                "sha256:ba2956617f1c42598a308a84c6cf021a90ff3862eddafd20c3333d50f0edb45b",
                "sha256:bdfea8c661e80d3c1c99ad7c3ff74e6e87184895bbaca6ee8cc61209f8b9b85d",
                "sha256:be4ed120b52ae4d974aa40215fcdfde9194d63541c7ded40ee12eb4dda57b76b",
                "sha256:c4302695ad8027363e96311df24ee28978162cdcdd2006476c43970b384a244c",
                "sha256:c48f54ef8e05f04d6eff74b8233f6063cb1ed960243eacc474ee73a2ea8573ca",
                "sha256:c9c59a2120b55788e800d82dfa99b9e156ff8f2227f07c5e3012a45a399620b7",
                "sha256:cd021c754b162c0fb55ad5d6b9d960db667faad0fa2ff25bb6e1301b0b6e6a75",
                "sha256:d27ec7509b9c18b6d73f2f5ede2622441de812e7b1a80bbd446cb0633bd3d5ae",
                "sha256:d5508f0b173e6aa47273bdc0a0b5ba055b59662ba7c7ee5119528f466585526b",
                "sha256:d75209eed723105f9596807495d58d10b3470fa6732dd6756595e89925ce2470",
                "sha256:db1a39669102a1d8d12b57de2bb7e2ec9066a6f2b3da35ae511ff93b01b5d564",
                "sha256:dbfcfc0218093a19c252ca8eb9aee3d29cfdcb586df21049b9d777fd32c14fd9",
                "sha256:e0f72c9ddb8cd28532185f54cc1453f2c16fb417a08b53a855c4e6a418edd099",
                "sha256:e7c8dc13af7db097bed64a051d2dd49e9f0af495c26995c00a9ee842690d34c0",
                "sha256:ea9872c80c132f4663822dd2a08d404073a5a9b5ba6155bea72fb2a79d1093b5",
                "sha256:eff4eb9b7eb3e4d0cae3d28c283dc16d9bed6b193c2e1ace3ed86ce48ea8df19",
                "sha256:f82d4d717d8ef19188687aa32b8363e96062911e63ba22a0cff7802a8e58e5f1",
                "sha256:fc3a569657468b6f3fb60587e48356fe512c1754ca05a564f11366ac9e306526"
            ],
            "markers": "platform_machine == 'aarch64' or (platform_machine == 'ppc64le' or (platform_machine == 'x86_64' or (platform_machine == 'amd64' or (platform_machine == 'AMD64' or (platform_machine == 'win32' or platform_machine == 'WIN32')))))",
            "version": "==2.0.2"
        },
        "h11": {
            "hashes": [
                "sha256:8f19fbbe99e72420ff35c00b27a34cb9937e902a8b810e2c88300c6f0a3b699d",
                "sha256:e3fe4ac4b851c468cc8363d500db52c2ead036020723024a109d37346efaa761"
            ],
            "markers": "python_version >= '3.7'",
            "version": "==0.14.0"
        },
        "idna": {
            "hashes": [
                "sha256:814f528e8dead7d329833b91c5faa87d60bf71824cd12a7530b5526063d02cb4",
                "sha256:90b77e79eaa3eba6de819a0c442c0b4ceefc341a7a2ab77d7562bf49f425c5c2"
            ],
            "markers": "python_version >= '3.5'",
            "version": "==3.4"
        },
        "mysqlclient": {
            "hashes": [
                "sha256:0d1cd3a5a4d28c222fa199002810e8146cffd821410b67851af4cc80aeccd97c",
                "sha256:828757e419fb11dd6c5ed2576ec92c3efaa93a0f7c39e263586d1ee779c3d782",
                "sha256:996924f3483fd36a34a5812210c69e71dea5a3d5978d01199b78b7f6d485c855",
                "sha256:b355c8b5a7d58f2e909acdbb050858390ee1b0e13672ae759e5e784110022994",
                "sha256:c1ed71bd6244993b526113cca3df66428609f90e4652f37eb51c33496d478b37",
                "sha256:c812b67e90082a840efb82a8978369e6e69fc62ce1bda4ca8f3084a9d862308b",
                "sha256:dea88c8d3f5a5d9293dfe7f087c16dd350ceb175f2f6631c9cf4caf3e19b7a96"
            ],
            "index": "pypi",
            "version": "==2.1.1"
        },
        "pydantic": {
            "hashes": [
                "sha256:1fd326aff5d6c36f05735c7c9b3d5b0e933b4ca52ad0b6e4b38038d82703d35b",
                "sha256:2185a3b3d98ab4506a3f6707569802d2d92c3a7ba3a9a35683a7709ea6c2aaa2",
                "sha256:261f357f0aecda005934e413dfd7aa4077004a174dafe414a8325e6098a8e419",
                "sha256:305d0376c516b0dfa1dbefeae8c21042b57b496892d721905a6ec6b79494a66d",
                "sha256:3257bd714de9db2102b742570a56bf7978e90441193acac109b1f500290f5718",
                "sha256:3353072625ea2a9a6c81ad01b91e5c07fa70deb06368c71307529abf70d23325",
                "sha256:36e44a4de37b8aecffa81c081dbfe42c4d2bf9f6dff34d03dce157ec65eb0f15",
                "sha256:3bb99cf9655b377db1a9e47fa4479e3330ea96f4123c6c8200e482704bf1eda2",
                "sha256:3f9d9b2be177c3cb6027cd67fbf323586417868c06c3c85d0d101703136e6b31",
                "sha256:45edea10b75d3da43cfda12f3792833a3fa70b6eee4db1ed6aed528cef17c74e",
                "sha256:51782fd81f09edcf265823c3bf43ff36d00db246eca39ee765ef58dc8421a642",
                "sha256:532e97c35719f137ee5405bd3eeddc5c06eb91a032bc755a44e34a712420daf3",
                "sha256:58e41dd1e977531ac6073b11baac8c013f3cd8706a01d3dc74e86955be8b2c0c",
                "sha256:5920824fe1e21cbb3e38cf0f3dd24857c8959801d1031ce1fac1d50857a03bfb",
                "sha256:5f3bc8f103b56a8c88021d481410874b1f13edf6e838da607dcb57ecff9b4594",
                "sha256:63200cd8af1af2c07964546b7bc8f217e8bda9d0a2ef0ee0c797b36353914984",
                "sha256:663d2dd78596c5fa3eb996bc3f34b8c2a592648ad10008f98d1348be7ae212fb",
                "sha256:6a4b0aab29061262065bbdede617ef99cc5914d1bf0ddc8bcd8e3d7928d85bd6",
                "sha256:6bb0452d7b8516178c969d305d9630a3c9b8cf16fcf4713261c9ebd465af0d73",
                "sha256:72ef3783be8cbdef6bca034606a5de3862be6b72415dc5cb1fb8ddbac110049a",
                "sha256:76c930ad0746c70f0368c4596020b736ab65b473c1f9b3872310a835d852eb19",
                "sha256:7c5b94d598c90f2f46b3a983ffb46ab806a67099d118ae0da7ef21a2a4033b28",
                "sha256:7ce1612e98c6326f10888df951a26ec1a577d8df49ddcaea87773bfbe23ba5cc",
                "sha256:8481dca324e1c7b715ce091a698b181054d22072e848b6fc7895cd86f79b4449",
                "sha256:87f831e81ea0589cd18257f84386bf30154c5f4bed373b7b75e5cb0b5d53ea87",
                "sha256:9a9d9155e2a9f38b2eb9374c88f02fd4d6851ae17b65ee786a87d032f87008f8",
                "sha256:9e337ac83686645a46db0e825acceea8e02fca4062483f40e9ae178e8bd1103a",
                "sha256:b429f7c457aebb7fbe7cd69c418d1cd7c6fdc4d3c8697f45af78b8d5a7955760",
                "sha256:b473d00ccd5c2061fd896ac127b7755baad233f8d996ea288af14ae09f8e0d1e",
                "sha256:bd46a0e6296346c477e59a954da57beaf9c538da37b9df482e50f836e4a7d4bb",
                "sha256:c428c0f64a86661fb4873495c4fac430ec7a7cef2b8c1c28f3d1a7277f9ea5ab",
                "sha256:c9e5b778b6842f135902e2d82624008c6a79710207e28e86966cd136c621bfee",
                "sha256:ca9075ab3de9e48b75fa8ccb897c34ccc1519177ad8841d99f7fd74cf43be5bf",
                "sha256:f582cac9d11c227c652d3ce8ee223d94eb06f4228b52a8adaafa9fa62e73d5c9",
                "sha256:f5bee6c523d13944a1fdc6f0525bc86dbbd94372f17b83fa6331aabacc8fd08e",
                "sha256:f836444b4c5ece128b23ec36a446c9ab7f9b0f7981d0d27e13a7c366ee163f8a"
            ],
            "markers": "python_version >= '3.7'",
            "version": "==1.10.5"
        },
        "python-dotenv": {
            "hashes": [
                "sha256:1c93de8f636cde3ce377292818d0e440b6e45a82f215c3744979151fa8151c49",
                "sha256:41e12e0318bebc859fcc4d97d4db8d20ad21721a6aa5047dd59f090391cb549a"
            ],
            "index": "pypi",
            "version": "==0.21.1"
        },
        "sniffio": {
            "hashes": [
                "sha256:e60305c5e5d314f5389259b7f22aaa33d8f7dee49763119234af3755c55b9101",
                "sha256:eecefdce1e5bbfb7ad2eeaabf7c1eeb404d7757c379bd1f7e5cce9d8bf425384"
            ],
            "markers": "python_version >= '3.7'",
            "version": "==1.3.0"
        },
        "sqlalchemy": {
            "hashes": [
                "sha256:03911d5a1949ab58e98f7ba8a34fa055b4454b61f05abc6ac6c041413a5532b4",
                "sha256:117a0c06345d3cfbdd42c674965be877b83e9390cb10ede8e500f296a541f36e",
                "sha256:12342a576691cc24608972d5b0a0622b77f14ea9ba42bc762ef9bb78f6c09bda",
                "sha256:1718f3968f2b767b7119170b9866238a2555c52fb5b47049ef58a488beaf68e5",
                "sha256:1afc4290b731dcff4ec19cb5380b116267d516f472923666bafb689523fab6d1",
                "sha256:20c657681c78df07de7321c056efed6cba90a7539b157f095930dce1138e76ef",
                "sha256:2383545c44d4add97292fa116580d16806fd385c6c8e99b4925c1d1862360ba8",
                "sha256:2c0ba8280198d6f5da8583cfce7220851f72d9a3bffb9dcb1c29332ca71f1c76",
                "sha256:2f0bb0354ab6a9c25898b232b86ffa43c65d7865eb09c4c630089a3a94d23de8",
                "sha256:39c429bf6e059d16fde4e50b84472d109c97b5e1c00e3e410a3b9745e211ae6b",
                "sha256:4badf88e89c17a246e844de40ce131f29e53a10a0e68a46a8225a84f58091197",
                "sha256:4e6002e925c546429cb065e6aff7d9c8d57347810c24f038223d13a8bc666a4d",
                "sha256:4e6484d2ddba03a7a06714335b65862b1937e1c43ba8d95d65bb39545cae7bf2",
                "sha256:5217e6eed59e0db6a2f6144c16e532bf7304f629d661d9eda1e21d58db1d7704",
                "sha256:5296258affa2dd97f57f318db0c68a34ebff30382295d2a16435d7c94d2f582c",
                "sha256:53958792b0fbbd2aa675386f9475c81b576b17a77d410a40ec1e8443d62186be",
                "sha256:58a8ad348be203d30686fab0198c1dc31fdf043f081f09d220cd722c3fa29aee",
                "sha256:590ad2756fc44306856974c44db1e935cb06465da9ce265e6b329fdfbf9cba48",
                "sha256:5b3bb1e659d3b4e27c6fb59adc73ef33cd01e8b20c75667f68ed637fde0147d2",
                "sha256:6318637508eabb7d61469916b007297cb9efd550c860e1ea0fd31b22360e7b71",
                "sha256:64e9c9b362b98ef632f084fbb34197d4f54b95975037e988da73d744dbe67cf9",
                "sha256:654caf0d92e23ab208ba0cb94a4553e8ebaf1f2d715fb07cb7985e668f357d02",
                "sha256:6d0f745769aa74606068b8fed9ab97e556cf55f6bced8525e48d454f9d968194",
                "sha256:717835f3e0dc8d6a146232667fd561aac549e11ef1d8bd5916b3bb88a516a4e0",
                "sha256:71ebbad8296a97ee5c08768137cef14d3f0dffe1f2d1905d2fabdc5e81068529",
                "sha256:75e1e3b00b425d0ae854e62d3f19b86ecc9335d4aaec81107d97513976c0e6d5",
                "sha256:7aa7a1a6cd22f13d029f456496d7867d77a534dcad80671f9a55d43268837acf",
                "sha256:7dcd0d1bd211e64eef200b7e657a451284168202d0be5c2b4b01089308534123",
                "sha256:81b7efc17f5ce5e92cbd1c283bc97ef76d241a18a4d5feeb5172fbbf7764045e",
                "sha256:81e846b4041335c952be60a64713ea5a7765c5a065fb8d9786f3f96aef7792b1",
                "sha256:b9165429698c01d477d539034d54538e8bdfb6072d3170d689b05940169bbbd0",
                "sha256:bf3ba5342c57d21c950606cebce0e0cd07b771d32ce54ff599e0c69383c7f41c",
                "sha256:c212d7de906726080550a96f4f6a55e36cfabb3097f1b279b612b01c37c18028",
                "sha256:c2b924f6d0162ed1c0d8f47db1e56498702b1c3c953ad84f0eefbf5b4e53bb05",
                "sha256:c7c86c158ca7bfd10b3fd35bf1d121dc53e9e7f35fc0cebfcd12ef4e02bedea7",
                "sha256:d7d239136d0a0f5b9eff63c91d752e10579f8554659e79f145121d5e8821508f",
                "sha256:de2395c3db65dc48a74ab1d799c2b27ccfc896c301f325d016ebb1733047f3e7",
                "sha256:ebbcfb8be2fe53c8d73d233fe4c39879482f83bf1b3b28a4480aedf40adf6675",
                "sha256:f2b6ebb2c7cfd766baed30703b28dcd569f63f56e5133cc093b16575883883e8",
                "sha256:f81a366c35308da19faafdfb5f7b7209da1376953c1b380b5a0c126a92073e6a",
                "sha256:fdea23a48c3eff2bd30e9694f226168ec2a429f8c5c11e98121cceb2aa9a7bf3"
            ],
            "index": "pypi",
            "version": "==2.0.3"
        },
        "starlette": {
            "hashes": [
                "sha256:774f1df1983fd594b9b6fb3ded39c2aa1979d10ac45caac0f4255cbe2acb8628",
                "sha256:854c71e73736c429c2bdb07801f2c76c9cba497e7c3cf4988fde5e95fe4cdb3c"
            ],
            "markers": "python_version >= '3.7'",
            "version": "==0.25.0"
        },
        "typing-extensions": {
            "hashes": [
                "sha256:5cb5f4a79139d699607b3ef622a1dedafa84e115ab0024e0d9c044a9479ca7cb",
                "sha256:fb33085c39dd998ac16d1431ebc293a8b3eedd00fd4a32de0ff79002c19511b4"
            ],
            "markers": "python_version >= '3.7'",
            "version": "==4.5.0"
        },
        "uvicorn": {
            "hashes": [
                "sha256:a4e12017b940247f836bc90b72e725d7dfd0c8ed1c51eb365f5ba30d9f5127d8",
                "sha256:c3ed1598a5668208723f2bb49336f4509424ad198d6ab2615b7783db58d919fd"
            ],
            "index": "pypi",
            "version": "==0.20.0"
        }
    },
    "develop": {}
}
